
Microsoft Visual Studio Solution File, Format Version 12.00
# Visual Studio Version 17
VisualStudioVersion = 17.9.34701.34
MinimumVisualStudioVersion = 10.0.40219.1
Project("{FAE04EC0-301F-11D3-BF4B-00C04F79EFBC}") = "NPL.M.A001.Exercise1", "NPL.M.A001.Exercise1\NPL.M.A001.Exercise1.csproj", "{E83A082E-C624-41EB-A388-DA64F6ADF332}"
EndProject
Project("{FAE04EC0-301F-11D3-BF4B-00C04F79EFBC}") = "NPL.M.A001.Excercise2", "NPL.M.A001.Excercise2\NPL.M.A001.Excercise2.csproj", "{C85FA73E-4DB7-43F1-B414-73EE7BFE88FC}"
EndProject
Project("{FAE04EC0-301F-11D3-BF4B-00C04F79EFBC}") = "NPL.M.A001.Excercise3", "NPL.M.A001.Excercise3\NPL.M.A001.Excercise3.csproj", "{C9EE9E46-4245-4842-A85B-48C663BCE0BB}"
EndProject
Project("{FAE04EC0-301F-11D3-BF4B-00C04F79EFBC}") = "NPL.M.A001.Excercise4", "NPL.M.A001.Excercise4\NPL.M.A001.Excercise4.csproj", "{2A1A007F-F139-4186-B2E0-ABEA4BCD1039}"
EndProject
Global
	GlobalSection(SolutionConfigurationPlatforms) = preSolution
		Debug|Any CPU = Debug|Any CPU
		Release|Any CPU = Release|Any CPU
	EndGlobalSection
	GlobalSection(ProjectConfigurationPlatforms) = postSolution
		{E83A082E-C624-41EB-A388-DA64F6ADF332}.Debug|Any CPU.ActiveCfg = Debug|Any CPU
		{E83A082E-C624-41EB-A388-DA64F6ADF332}.Debug|Any CPU.Build.0 = Debug|Any CPU
		{E83A082E-C624-41EB-A388-DA64F6ADF332}.Release|Any CPU.ActiveCfg = Release|Any CPU
		{E83A082E-C624-41EB-A388-DA64F6ADF332}.Release|Any CPU.Build.0 = Release|Any CPU
		{C85FA73E-4DB7-43F1-B414-73EE7BFE88FC}.Debug|Any CPU.ActiveCfg = Debug|Any CPU
		{C85FA73E-4DB7-43F1-B414-73EE7BFE88FC}.Debug|Any CPU.Build.0 = Debug|Any CPU
		{C85FA73E-4DB7-43F1-B414-73EE7BFE88FC}.Release|Any CPU.ActiveCfg = Release|Any CPU
		{C85FA73E-4DB7-43F1-B414-73EE7BFE88FC}.Release|Any CPU.Build.0 = Release|Any CPU
		{C9EE9E46-4245-4842-A85B-48C663BCE0BB}.Debug|Any CPU.ActiveCfg = Debug|Any CPU
		{C9EE9E46-4245-4842-A85B-48C663BCE0BB}.Debug|Any CPU.Build.0 = Debug|Any CPU
		{C9EE9E46-4245-4842-A85B-48C663BCE0BB}.Release|Any CPU.ActiveCfg = Release|Any CPU
		{C9EE9E46-4245-4842-A85B-48C663BCE0BB}.Release|Any CPU.Build.0 = Release|Any CPU
		{2A1A007F-F139-4186-B2E0-ABEA4BCD1039}.Debug|Any CPU.ActiveCfg = Debug|Any CPU
		{2A1A007F-F139-4186-B2E0-ABEA4BCD1039}.Debug|Any CPU.Build.0 = Debug|Any CPU
		{2A1A007F-F139-4186-B2E0-ABEA4BCD1039}.Release|Any CPU.ActiveCfg = Release|Any CPU
		{2A1A007F-F139-4186-B2E0-ABEA4BCD1039}.Release|Any CPU.Build.0 = Release|Any CPU
	EndGlobalSection
	GlobalSection(SolutionProperties) = preSolution
		HideSolutionNode = FALSE
	EndGlobalSection
	GlobalSection(ExtensibilityGlobals) = postSolution
		SolutionGuid = {A09DF1A1-999D-434E-BAFF-8C459F24B3C9}
	EndGlobalSection
EndGlobal
